// !$*UTF8*$!
{
	archiveVersion = 1;
	classes = {
	};
	objectVersion = 56;
	objects = {

/* Begin PBXBuildFile section */
		3A3B35142C6BC34300CCE04C /* HexagonView.swift in Sources */ = {isa = PBXBuildFile; fileRef = 3A3B35132C6BC34300CCE04C /* HexagonView.swift */; };
		3A3B35162C6BD13B00CCE04C /* BlobView.swift in Sources */ = {isa = PBXBuildFile; fileRef = 3A3B35152C6BD13B00CCE04C /* BlobView.swift */; };
		3A3B35182C6BDB7700CCE04C /* TabBar.swift in Sources */ = {isa = PBXBuildFile; fileRef = 3A3B35172C6BDB7700CCE04C /* TabBar.swift */; };
		3A3B351A2C6BDF1400CCE04C /* Tab.swift in Sources */ = {isa = PBXBuildFile; fileRef = 3A3B35192C6BDF1400CCE04C /* Tab.swift */; };
		3A3B351C2C6BEBEE00CCE04C /* HomeView.swift in Sources */ = {isa = PBXBuildFile; fileRef = 3A3B351B2C6BEBEE00CCE04C /* HomeView.swift */; };
		3A3B35252C6E2A2000CCE04C /* FeaturedItem.swift in Sources */ = {isa = PBXBuildFile; fileRef = 3A3B35242C6E2A2000CCE04C /* FeaturedItem.swift */; };
		3A3B35272C6E2B3600CCE04C /* NavigationBar.swift in Sources */ = {isa = PBXBuildFile; fileRef = 3A3B35262C6E2B3600CCE04C /* NavigationBar.swift */; };
		3A3B35292C6E301100CCE04C /* PreferenceKeys.swift in Sources */ = {isa = PBXBuildFile; fileRef = 3A3B35282C6E301100CCE04C /* PreferenceKeys.swift */; };
		3A3B352D2C6E3B4200CCE04C /* Course.swift in Sources */ = {isa = PBXBuildFile; fileRef = 3A3B352C2C6E3B4200CCE04C /* Course.swift */; };
		3A3B352F2C6E595500CCE04C /* MatchedView.swift in Sources */ = {isa = PBXBuildFile; fileRef = 3A3B352E2C6E595500CCE04C /* MatchedView.swift */; };
		3A3B35312C6E734800CCE04C /* CourseItem.swift in Sources */ = {isa = PBXBuildFile; fileRef = 3A3B35302C6E734800CCE04C /* CourseItem.swift */; };
		3A3B35332C6E73EE00CCE04C /* CourseView.swift in Sources */ = {isa = PBXBuildFile; fileRef = 3A3B35322C6E73EE00CCE04C /* CourseView.swift */; };
		3A3B35352C6E795F00CCE04C /* Animations.swift in Sources */ = {isa = PBXBuildFile; fileRef = 3A3B35342C6E795F00CCE04C /* Animations.swift */; };
		3A4958142C6B953400889286 /* AccountView.swift in Sources */ = {isa = PBXBuildFile; fileRef = 3A4958132C6B953400889286 /* AccountView.swift */; };
		3A684A732C4EE4170058A51D /* SwiftUI_iOS_15App.swift in Sources */ = {isa = PBXBuildFile; fileRef = 3A684A722C4EE4170058A51D /* SwiftUI_iOS_15App.swift */; };
		3A684A752C4EE4170058A51D /* ContentView.swift in Sources */ = {isa = PBXBuildFile; fileRef = 3A684A742C4EE4170058A51D /* ContentView.swift */; };
		3A684A772C4EE4180058A51D /* Assets.xcassets in Resources */ = {isa = PBXBuildFile; fileRef = 3A684A762C4EE4180058A51D /* Assets.xcassets */; };
		3A684A7A2C4EE4180058A51D /* Preview Assets.xcassets in Resources */ = {isa = PBXBuildFile; fileRef = 3A684A792C4EE4180058A51D /* Preview Assets.xcassets */; };
		3A684A812C5038CA0058A51D /* Styles.swift in Sources */ = {isa = PBXBuildFile; fileRef = 3A684A802C5038CA0058A51D /* Styles.swift */; };
/* End PBXBuildFile section */

/* Begin PBXFileReference section */
		3A3B35132C6BC34300CCE04C /* HexagonView.swift */ = {isa = PBXFileReference; lastKnownFileType = sourcecode.swift; path = HexagonView.swift; sourceTree = "<group>"; };
		3A3B35152C6BD13B00CCE04C /* BlobView.swift */ = {isa = PBXFileReference; lastKnownFileType = sourcecode.swift; path = BlobView.swift; sourceTree = "<group>"; };
		3A3B35172C6BDB7700CCE04C /* TabBar.swift */ = {isa = PBXFileReference; lastKnownFileType = sourcecode.swift; path = TabBar.swift; sourceTree = "<group>"; };
		3A3B35192C6BDF1400CCE04C /* Tab.swift */ = {isa = PBXFileReference; lastKnownFileType = sourcecode.swift; path = Tab.swift; sourceTree = "<group>"; };
		3A3B351B2C6BEBEE00CCE04C /* HomeView.swift */ = {isa = PBXFileReference; lastKnownFileType = sourcecode.swift; path = HomeView.swift; sourceTree = "<group>"; };
		3A3B35242C6E2A2000CCE04C /* FeaturedItem.swift */ = {isa = PBXFileReference; lastKnownFileType = sourcecode.swift; path = FeaturedItem.swift; sourceTree = "<group>"; };
		3A3B35262C6E2B3600CCE04C /* NavigationBar.swift */ = {isa = PBXFileReference; lastKnownFileType = sourcecode.swift; path = NavigationBar.swift; sourceTree = "<group>"; };
		3A3B35282C6E301100CCE04C /* PreferenceKeys.swift */ = {isa = PBXFileReference; lastKnownFileType = sourcecode.swift; path = PreferenceKeys.swift; sourceTree = "<group>"; };
		3A3B352C2C6E3B4200CCE04C /* Course.swift */ = {isa = PBXFileReference; lastKnownFileType = sourcecode.swift; path = Course.swift; sourceTree = "<group>"; };
		3A3B352E2C6E595500CCE04C /* MatchedView.swift */ = {isa = PBXFileReference; lastKnownFileType = sourcecode.swift; path = MatchedView.swift; sourceTree = "<group>"; };
		3A3B35302C6E734800CCE04C /* CourseItem.swift */ = {isa = PBXFileReference; lastKnownFileType = sourcecode.swift; path = CourseItem.swift; sourceTree = "<group>"; };
		3A3B35322C6E73EE00CCE04C /* CourseView.swift */ = {isa = PBXFileReference; lastKnownFileType = sourcecode.swift; path = CourseView.swift; sourceTree = "<group>"; };
		3A3B35342C6E795F00CCE04C /* Animations.swift */ = {isa = PBXFileReference; lastKnownFileType = sourcecode.swift; path = Animations.swift; sourceTree = "<group>"; };
		3A4958132C6B953400889286 /* AccountView.swift */ = {isa = PBXFileReference; lastKnownFileType = sourcecode.swift; path = AccountView.swift; sourceTree = "<group>"; };
		3A684A6F2C4EE4170058A51D /* SwiftUI-iOS-15.app */ = {isa = PBXFileReference; explicitFileType = wrapper.application; includeInIndex = 0; path = "SwiftUI-iOS-15.app"; sourceTree = BUILT_PRODUCTS_DIR; };
		3A684A722C4EE4170058A51D /* SwiftUI_iOS_15App.swift */ = {isa = PBXFileReference; lastKnownFileType = sourcecode.swift; path = SwiftUI_iOS_15App.swift; sourceTree = "<group>"; };
		3A684A742C4EE4170058A51D /* ContentView.swift */ = {isa = PBXFileReference; lastKnownFileType = sourcecode.swift; path = ContentView.swift; sourceTree = "<group>"; };
		3A684A762C4EE4180058A51D /* Assets.xcassets */ = {isa = PBXFileReference; lastKnownFileType = folder.assetcatalog; path = Assets.xcassets; sourceTree = "<group>"; };
		3A684A792C4EE4180058A51D /* Preview Assets.xcassets */ = {isa = PBXFileReference; lastKnownFileType = folder.assetcatalog; path = "Preview Assets.xcassets"; sourceTree = "<group>"; };
		3A684A802C5038CA0058A51D /* Styles.swift */ = {isa = PBXFileReference; lastKnownFileType = sourcecode.swift; path = Styles.swift; sourceTree = "<group>"; };
/* End PBXFileReference section */

/* Begin PBXFrameworksBuildPhase section */
		3A684A6C2C4EE4170058A51D /* Frameworks */ = {
			isa = PBXFrameworksBuildPhase;
			buildActionMask = 2147483647;
			files = (
			);
			runOnlyForDeploymentPostprocessing = 0;
		};
/* End PBXFrameworksBuildPhase section */

/* Begin PBXGroup section */
		3A3B351D2C6BED2B00CCE04C /* Navigation */ = {
			isa = PBXGroup;
			children = (
				3A3B35172C6BDB7700CCE04C /* TabBar.swift */,
				3A684A742C4EE4170058A51D /* ContentView.swift */,
				3A3B35262C6E2B3600CCE04C /* NavigationBar.swift */,
			);
			path = Navigation;
			sourceTree = "<group>";
		};
		3A3B351E2C6BED3900CCE04C /* Views */ = {
			isa = PBXGroup;
			children = (
				3A4958132C6B953400889286 /* AccountView.swift */,
				3A3B35322C6E73EE00CCE04C /* CourseView.swift */,
				3A3B351B2C6BEBEE00CCE04C /* HomeView.swift */,
				3A3B352E2C6E595500CCE04C /* MatchedView.swift */,
			);
			path = Views;
			sourceTree = "<group>";
		};
		3A3B351F2C6BED4F00CCE04C /* Components */ = {
			isa = PBXGroup;
			children = (
				3A3B35132C6BC34300CCE04C /* HexagonView.swift */,
				3A3B35152C6BD13B00CCE04C /* BlobView.swift */,
				3A3B35242C6E2A2000CCE04C /* FeaturedItem.swift */,
				3A3B35302C6E734800CCE04C /* CourseItem.swift */,
			);
			path = Components;
			sourceTree = "<group>";
		};
		3A3B35202C6BED6800CCE04C /* Model */ = {
			isa = PBXGroup;
			children = (
				3A3B35192C6BDF1400CCE04C /* Tab.swift */,
				3A3B35282C6E301100CCE04C /* PreferenceKeys.swift */,
				3A3B352C2C6E3B4200CCE04C /* Course.swift */,
			);
			path = Model;
			sourceTree = "<group>";
		};
		3A3B35212C6BEDB000CCE04C /* Styles */ = {
			isa = PBXGroup;
			children = (
				3A684A802C5038CA0058A51D /* Styles.swift */,
				3A3B35342C6E795F00CCE04C /* Animations.swift */,
			);
			path = Styles;
			sourceTree = "<group>";
		};
		3A684A662C4EE4170058A51D = {
			isa = PBXGroup;
			children = (
				3A684A712C4EE4170058A51D /* SwiftUI-iOS-15 */,
				3A684A702C4EE4170058A51D /* Products */,
			);
			sourceTree = "<group>";
		};
		3A684A702C4EE4170058A51D /* Products */ = {
			isa = PBXGroup;
			children = (
				3A684A6F2C4EE4170058A51D /* SwiftUI-iOS-15.app */,
			);
			name = Products;
			sourceTree = "<group>";
		};
		3A684A712C4EE4170058A51D /* SwiftUI-iOS-15 */ = {
			isa = PBXGroup;
			children = (
				3A684A722C4EE4170058A51D /* SwiftUI_iOS_15App.swift */,
				3A3B351D2C6BED2B00CCE04C /* Navigation */,
				3A3B351E2C6BED3900CCE04C /* Views */,
				3A3B35202C6BED6800CCE04C /* Model */,
				3A3B351F2C6BED4F00CCE04C /* Components */,
				3A3B35212C6BEDB000CCE04C /* Styles */,
				3A684A762C4EE4180058A51D /* Assets.xcassets */,
				3A684A782C4EE4180058A51D /* Preview Content */,
			);
			path = "SwiftUI-iOS-15";
			sourceTree = "<group>";
		};
		3A684A782C4EE4180058A51D /* Preview Content */ = {
			isa = PBXGroup;
			children = (
				3A684A792C4EE4180058A51D /* Preview Assets.xcassets */,
			);
			path = "Preview Content";
			sourceTree = "<group>";
		};
/* End PBXGroup section */

/* Begin PBXNativeTarget section */
		3A684A6E2C4EE4170058A51D /* SwiftUI-iOS-15 */ = {
			isa = PBXNativeTarget;
			buildConfigurationList = 3A684A7D2C4EE4180058A51D /* Build configuration list for PBXNativeTarget "SwiftUI-iOS-15" */;
			buildPhases = (
				3A684A6B2C4EE4170058A51D /* Sources */,
				3A684A6C2C4EE4170058A51D /* Frameworks */,
				3A684A6D2C4EE4170058A51D /* Resources */,
			);
			buildRules = (
			);
			dependencies = (
			);
			name = "SwiftUI-iOS-15";
			productName = "SwiftUI-iOS-15";
			productReference = 3A684A6F2C4EE4170058A51D /* SwiftUI-iOS-15.app */;
			productType = "com.apple.product-type.application";
		};
/* End PBXNativeTarget section */

/* Begin PBXProject section */
		3A684A672C4EE4170058A51D /* Project object */ = {
			isa = PBXProject;
			attributes = {
				BuildIndependentTargetsInParallel = 1;
				LastSwiftUpdateCheck = 1530;
				LastUpgradeCheck = 1530;
				TargetAttributes = {
					3A684A6E2C4EE4170058A51D = {
						CreatedOnToolsVersion = 15.3;
					};
				};
			};
			buildConfigurationList = 3A684A6A2C4EE4170058A51D /* Build configuration list for PBXProject "SwiftUI-iOS-15" */;
			compatibilityVersion = "Xcode 14.0";
			developmentRegion = en;
			hasScannedForEncodings = 0;
			knownRegions = (
				en,
				Base,
			);
			mainGroup = 3A684A662C4EE4170058A51D;
			productRefGroup = 3A684A702C4EE4170058A51D /* Products */;
			projectDirPath = "";
			projectRoot = "";
			targets = (
				3A684A6E2C4EE4170058A51D /* SwiftUI-iOS-15 */,
			);
		};
/* End PBXProject section */

/* Begin PBXResourcesBuildPhase section */
		3A684A6D2C4EE4170058A51D /* Resources */ = {
			isa = PBXResourcesBuildPhase;
			buildActionMask = 2147483647;
			files = (
				3A684A7A2C4EE4180058A51D /* Preview Assets.xcassets in Resources */,
				3A684A772C4EE4180058A51D /* Assets.xcassets in Resources */,
			);
			runOnlyForDeploymentPostprocessing = 0;
		};
/* End PBXResourcesBuildPhase section */

/* Begin PBXSourcesBuildPhase section */
		3A684A6B2C4EE4170058A51D /* Sources */ = {
			isa = PBXSourcesBuildPhase;
			buildActionMask = 2147483647;
			files = (
				3A3B351C2C6BEBEE00CCE04C /* HomeView.swift in Sources */,
				3A3B35312C6E734800CCE04C /* CourseItem.swift in Sources */,
				3A3B35352C6E795F00CCE04C /* Animations.swift in Sources */,
				3A4958142C6B953400889286 /* AccountView.swift in Sources */,
				3A3B35142C6BC34300CCE04C /* HexagonView.swift in Sources */,
				3A684A812C5038CA0058A51D /* Styles.swift in Sources */,
				3A3B351A2C6BDF1400CCE04C /* Tab.swift in Sources */,
				3A3B35272C6E2B3600CCE04C /* NavigationBar.swift in Sources */,
				3A3B35332C6E73EE00CCE04C /* CourseView.swift in Sources */,
				3A3B35162C6BD13B00CCE04C /* BlobView.swift in Sources */,
				3A684A752C4EE4170058A51D /* ContentView.swift in Sources */,
				3A3B352D2C6E3B4200CCE04C /* Course.swift in Sources */,
				3A684A732C4EE4170058A51D /* SwiftUI_iOS_15App.swift in Sources */,
				3A3B352F2C6E595500CCE04C /* MatchedView.swift in Sources */,
				3A3B35252C6E2A2000CCE04C /* FeaturedItem.swift in Sources */,
				3A3B35292C6E301100CCE04C /* PreferenceKeys.swift in Sources */,
				3A3B35182C6BDB7700CCE04C /* TabBar.swift in Sources */,
			);
			runOnlyForDeploymentPostprocessing = 0;
		};
/* End PBXSourcesBuildPhase section */

/* Begin XCBuildConfiguration section */
		3A684A7B2C4EE4180058A51D /* Debug */ = {
			isa = XCBuildConfiguration;
			buildSettings = {
				ALWAYS_SEARCH_USER_PATHS = NO;
				ASSETCATALOG_COMPILER_GENERATE_SWIFT_ASSET_SYMBOL_EXTENSIONS = YES;
				CLANG_ANALYZER_NONNULL = YES;
				CLANG_ANALYZER_NUMBER_OBJECT_CONVERSION = YES_AGGRESSIVE;
				CLANG_CXX_LANGUAGE_STANDARD = "gnu++20";
				CLANG_ENABLE_MODULES = YES;
				CLANG_ENABLE_OBJC_ARC = YES;
				CLANG_ENABLE_OBJC_WEAK = YES;
				CLANG_WARN_BLOCK_CAPTURE_AUTORELEASING = YES;
				CLANG_WARN_BOOL_CONVERSION = YES;
				CLANG_WARN_COMMA = YES;
				CLANG_WARN_CONSTANT_CONVERSION = YES;
				CLANG_WARN_DEPRECATED_OBJC_IMPLEMENTATIONS = YES;
				CLANG_WARN_DIRECT_OBJC_ISA_USAGE = YES_ERROR;
				CLANG_WARN_DOCUMENTATION_COMMENTS = YES;
				CLANG_WARN_EMPTY_BODY = YES;
				CLANG_WARN_ENUM_CONVERSION = YES;
				CLANG_WARN_INFINITE_RECURSION = YES;
				CLANG_WARN_INT_CONVERSION = YES;
				CLANG_WARN_NON_LITERAL_NULL_CONVERSION = YES;
				CLANG_WARN_OBJC_IMPLICIT_RETAIN_SELF = YES;
				CLANG_WARN_OBJC_LITERAL_CONVERSION = YES;
				CLANG_WARN_OBJC_ROOT_CLASS = YES_ERROR;
				CLANG_WARN_QUOTED_INCLUDE_IN_FRAMEWORK_HEADER = YES;
				CLANG_WARN_RANGE_LOOP_ANALYSIS = YES;
				CLANG_WARN_STRICT_PROTOTYPES = YES;
				CLANG_WARN_SUSPICIOUS_MOVE = YES;
				CLANG_WARN_UNGUARDED_AVAILABILITY = YES_AGGRESSIVE;
				CLANG_WARN_UNREACHABLE_CODE = YES;
				CLANG_WARN__DUPLICATE_METHOD_MATCH = YES;
				COPY_PHASE_STRIP = NO;
				DEBUG_INFORMATION_FORMAT = dwarf;
				ENABLE_STRICT_OBJC_MSGSEND = YES;
				ENABLE_TESTABILITY = YES;
				ENABLE_USER_SCRIPT_SANDBOXING = YES;
				GCC_C_LANGUAGE_STANDARD = gnu17;
				GCC_DYNAMIC_NO_PIC = NO;
				GCC_NO_COMMON_BLOCKS = YES;
				GCC_OPTIMIZATION_LEVEL = 0;
				GCC_PREPROCESSOR_DEFINITIONS = (
					"DEBUG=1",
					"$(inherited)",
				);
				GCC_WARN_64_TO_32_BIT_CONVERSION = YES;
				GCC_WARN_ABOUT_RETURN_TYPE = YES_ERROR;
				GCC_WARN_UNDECLARED_SELECTOR = YES;
				GCC_WARN_UNINITIALIZED_AUTOS = YES_AGGRESSIVE;
				GCC_WARN_UNUSED_FUNCTION = YES;
				GCC_WARN_UNUSED_VARIABLE = YES;
				IPHONEOS_DEPLOYMENT_TARGET = 17.4;
				LOCALIZATION_PREFERS_STRING_CATALOGS = YES;
				MTL_ENABLE_DEBUG_INFO = INCLUDE_SOURCE;
				MTL_FAST_MATH = YES;
				ONLY_ACTIVE_ARCH = YES;
				SDKROOT = iphoneos;
				SWIFT_ACTIVE_COMPILATION_CONDITIONS = "DEBUG $(inherited)";
				SWIFT_OPTIMIZATION_LEVEL = "-Onone";
			};
			name = Debug;
		};
		3A684A7C2C4EE4180058A51D /* Release */ = {
			isa = XCBuildConfiguration;
			buildSettings = {
				ALWAYS_SEARCH_USER_PATHS = NO;
				ASSETCATALOG_COMPILER_GENERATE_SWIFT_ASSET_SYMBOL_EXTENSIONS = YES;
				CLANG_ANALYZER_NONNULL = YES;
				CLANG_ANALYZER_NUMBER_OBJECT_CONVERSION = YES_AGGRESSIVE;
				CLANG_CXX_LANGUAGE_STANDARD = "gnu++20";
				CLANG_ENABLE_MODULES = YES;
				CLANG_ENABLE_OBJC_ARC = YES;
				CLANG_ENABLE_OBJC_WEAK = YES;
				CLANG_WARN_BLOCK_CAPTURE_AUTORELEASING = YES;
				CLANG_WARN_BOOL_CONVERSION = YES;
				CLANG_WARN_COMMA = YES;
				CLANG_WARN_CONSTANT_CONVERSION = YES;
				CLANG_WARN_DEPRECATED_OBJC_IMPLEMENTATIONS = YES;
				CLANG_WARN_DIRECT_OBJC_ISA_USAGE = YES_ERROR;
				CLANG_WARN_DOCUMENTATION_COMMENTS = YES;
				CLANG_WARN_EMPTY_BODY = YES;
				CLANG_WARN_ENUM_CONVERSION = YES;
				CLANG_WARN_INFINITE_RECURSION = YES;
				CLANG_WARN_INT_CONVERSION = YES;
				CLANG_WARN_NON_LITERAL_NULL_CONVERSION = YES;
				CLANG_WARN_OBJC_IMPLICIT_RETAIN_SELF = YES;
				CLANG_WARN_OBJC_LITERAL_CONVERSION = YES;
				CLANG_WARN_OBJC_ROOT_CLASS = YES_ERROR;
				CLANG_WARN_QUOTED_INCLUDE_IN_FRAMEWORK_HEADER = YES;
				CLANG_WARN_RANGE_LOOP_ANALYSIS = YES;
				CLANG_WARN_STRICT_PROTOTYPES = YES;
				CLANG_WARN_SUSPICIOUS_MOVE = YES;
				CLANG_WARN_UNGUARDED_AVAILABILITY = YES_AGGRESSIVE;
				CLANG_WARN_UNREACHABLE_CODE = YES;
				CLANG_WARN__DUPLICATE_METHOD_MATCH = YES;
				COPY_PHASE_STRIP = NO;
				DEBUG_INFORMATION_FORMAT = "dwarf-with-dsym";
				ENABLE_NS_ASSERTIONS = NO;
				ENABLE_STRICT_OBJC_MSGSEND = YES;
				ENABLE_USER_SCRIPT_SANDBOXING = YES;
				GCC_C_LANGUAGE_STANDARD = gnu17;
				GCC_NO_COMMON_BLOCKS = YES;
				GCC_WARN_64_TO_32_BIT_CONVERSION = YES;
				GCC_WARN_ABOUT_RETURN_TYPE = YES_ERROR;
				GCC_WARN_UNDECLARED_SELECTOR = YES;
				GCC_WARN_UNINITIALIZED_AUTOS = YES_AGGRESSIVE;
				GCC_WARN_UNUSED_FUNCTION = YES;
				GCC_WARN_UNUSED_VARIABLE = YES;
				IPHONEOS_DEPLOYMENT_TARGET = 17.4;
				LOCALIZATION_PREFERS_STRING_CATALOGS = YES;
				MTL_ENABLE_DEBUG_INFO = NO;
				MTL_FAST_MATH = YES;
				SDKROOT = iphoneos;
				SWIFT_COMPILATION_MODE = wholemodule;
				VALIDATE_PRODUCT = YES;
			};
			name = Release;
		};
		3A684A7E2C4EE4180058A51D /* Debug */ = {
			isa = XCBuildConfiguration;
			buildSettings = {
				ASSETCATALOG_COMPILER_APPICON_NAME = AppIcon;
				ASSETCATALOG_COMPILER_GLOBAL_ACCENT_COLOR_NAME = AccentColor;
				CODE_SIGN_STYLE = Automatic;
				CURRENT_PROJECT_VERSION = 1;
				DEVELOPMENT_ASSET_PATHS = "\"SwiftUI-iOS-15/Preview Content\"";
				DEVELOPMENT_TEAM = S5766AV554;
				ENABLE_PREVIEWS = YES;
				GENERATE_INFOPLIST_FILE = YES;
				INFOPLIST_KEY_UIApplicationSceneManifest_Generation = YES;
				INFOPLIST_KEY_UIApplicationSupportsIndirectInputEvents = YES;
				INFOPLIST_KEY_UILaunchScreen_Generation = YES;
				INFOPLIST_KEY_UISupportedInterfaceOrientations_iPad = "UIInterfaceOrientationPortrait UIInterfaceOrientationPortraitUpsideDown UIInterfaceOrientationLandscapeLeft UIInterfaceOrientationLandscapeRight";
				INFOPLIST_KEY_UISupportedInterfaceOrientations_iPhone = "UIInterfaceOrientationPortrait UIInterfaceOrientationLandscapeLeft UIInterfaceOrientationLandscapeRight";
				IPHONEOS_DEPLOYMENT_TARGET = 15.0;
				LD_RUNPATH_SEARCH_PATHS = (
					"$(inherited)",
					"@executable_path/Frameworks",
				);
				MARKETING_VERSION = 1.0;
				PRODUCT_BUNDLE_IDENTIFIER = "com.notbad.SwiftUI-iOS-15";
				PRODUCT_NAME = "$(TARGET_NAME)";
				SWIFT_EMIT_LOC_STRINGS = YES;
				SWIFT_VERSION = 5.0;
				TARGETED_DEVICE_FAMILY = "1,2";
			};
			name = Debug;
		};
		3A684A7F2C4EE4180058A51D /* Release */ = {
			isa = XCBuildConfiguration;
			buildSettings = {
				ASSETCATALOG_COMPILER_APPICON_NAME = AppIcon;
				ASSETCATALOG_COMPILER_GLOBAL_ACCENT_COLOR_NAME = AccentColor;
				CODE_SIGN_STYLE = Automatic;
				CURRENT_PROJECT_VERSION = 1;
				DEVELOPMENT_ASSET_PATHS = "\"SwiftUI-iOS-15/Preview Content\"";
				DEVELOPMENT_TEAM = S5766AV554;
				ENABLE_PREVIEWS = YES;
				GENERATE_INFOPLIST_FILE = YES;
				INFOPLIST_KEY_UIApplicationSceneManifest_Generation = YES;
				INFOPLIST_KEY_UIApplicationSupportsIndirectInputEvents = YES;
				INFOPLIST_KEY_UILaunchScreen_Generation = YES;
				INFOPLIST_KEY_UISupportedInterfaceOrientations_iPad = "UIInterfaceOrientationPortrait UIInterfaceOrientationPortraitUpsideDown UIInterfaceOrientationLandscapeLeft UIInterfaceOrientationLandscapeRight";
				INFOPLIST_KEY_UISupportedInterfaceOrientations_iPhone = "UIInterfaceOrientationPortrait UIInterfaceOrientationLandscapeLeft UIInterfaceOrientationLandscapeRight";
				IPHONEOS_DEPLOYMENT_TARGET = 15.0;
				LD_RUNPATH_SEARCH_PATHS = (
					"$(inherited)",
					"@executable_path/Frameworks",
				);
				MARKETING_VERSION = 1.0;
				PRODUCT_BUNDLE_IDENTIFIER = "com.notbad.SwiftUI-iOS-15";
				PRODUCT_NAME = "$(TARGET_NAME)";
				SWIFT_EMIT_LOC_STRINGS = YES;
				SWIFT_VERSION = 5.0;
				TARGETED_DEVICE_FAMILY = "1,2";
			};
			name = Release;
		};
/* End XCBuildConfiguration section */

/* Begin XCConfigurationList section */
		3A684A6A2C4EE4170058A51D /* Build configuration list for PBXProject "SwiftUI-iOS-15" */ = {
			isa = XCConfigurationList;
			buildConfigurations = (
				3A684A7B2C4EE4180058A51D /* Debug */,
				3A684A7C2C4EE4180058A51D /* Release */,
			);
			defaultConfigurationIsVisible = 0;
			defaultConfigurationName = Release;
		};
		3A684A7D2C4EE4180058A51D /* Build configuration list for PBXNativeTarget "SwiftUI-iOS-15" */ = {
			isa = XCConfigurationList;
			buildConfigurations = (
				3A684A7E2C4EE4180058A51D /* Debug */,
				3A684A7F2C4EE4180058A51D /* Release */,
			);
			defaultConfigurationIsVisible = 0;
			defaultConfigurationName = Release;
		};
/* End XCConfigurationList section */
	};
	rootObject = 3A684A672C4EE4170058A51D /* Project object */;
}
